Microsoft Visual Studio Solution File, Format Version 12.00
# Visual Studio Version 17
VisualStudioVersion = 17.5.2.0
MinimumVisualStudioVersion = 10.0.40219.1
Project("{FAE04EC0-301F-11D3-BF4B-00C04F79EFBC}") = "note-nexus-client", "note-nexus-client\note-nexus-client.csproj", "{9E1BC4AB-7B21-27FE-9DFB-3DECC674E881}"
EndProject
Global
	GlobalSection(SolutionConfigurationPlatforms) = preSolution
		Debug|Any CPU = Debug|Any CPU
		Release|Any CPU = Release|Any CPU
	EndGlobalSection
	GlobalSection(ProjectConfigurationPlatforms) = postSolution
		{9E1BC4AB-7B21-27FE-9DFB-3DECC674E881}.Debug|Any CPU.ActiveCfg = Debug|Any CPU
		{9E1BC4AB-7B21-27FE-9DFB-3DECC674E881}.Debug|Any CPU.Build.0 = Debug|Any CPU
		{9E1BC4AB-7B21-27FE-9DFB-3DECC674E881}.Release|Any CPU.ActiveCfg = Release|Any CPU
		{9E1BC4AB-7B21-27FE-9DFB-3DECC674E881}.Release|Any CPU.Build.0 = Release|Any CPU
	EndGlobalSection
	GlobalSection(SolutionProperties) = preSolution
		HideSolutionNode = FALSE
	EndGlobalSection
	GlobalSection(ExtensibilityGlobals) = postSolution
		SolutionGuid = {D3B5174B-F981-4E24-8E27-EE10797022DE}
	EndGlobalSection
EndGlobal
